
Microsoft Visual Studio Solution File, Format Version 12.00
# Visual Studio Version 16
VisualStudioVersion = 16.0.30621.155
MinimumVisualStudioVersion = 10.0.40219.1
Project("{FAE04EC0-301F-11D3-BF4B-00C04F79EFBC}") = "InyeccionDependenciaExplicado", "InyeccionDependenciaExplicado.csproj", "{04FE24D3-BA87-4AE4-9FFC-4661B6B1CFDC}"
EndProject
Global
	GlobalSection(SolutionConfigurationPlatforms) = preSolution
		Debug|Any CPU = Debug|Any CPU
		Release|Any CPU = Release|Any CPU
	EndGlobalSection
	GlobalSection(ProjectConfigurationPlatforms) = postSolution
		{04FE24D3-BA87-4AE4-9FFC-4661B6B1CFDC}.Debug|Any CPU.ActiveCfg = Debug|Any CPU
		{04FE24D3-BA87-4AE4-9FFC-4661B6B1CFDC}.Debug|Any CPU.Build.0 = Debug|Any CPU
		{04FE24D3-BA87-4AE4-9FFC-4661B6B1CFDC}.Release|Any CPU.ActiveCfg = Release|Any CPU
		{04FE24D3-BA87-4AE4-9FFC-4661B6B1CFDC}.Release|Any CPU.Build.0 = Release|Any CPU
	EndGlobalSection
	GlobalSection(SolutionProperties) = preSolution
		HideSolutionNode = FALSE
	EndGlobalSection
	GlobalSection(ExtensibilityGlobals) = postSolution
		SolutionGuid = {307020F9-CE1B-4C16-9FE3-0A779D07A0AE}
	EndGlobalSection
EndGlobal
